{
    "_readme": [
        "This file locks the dependencies of your project to a known state",
        "Read more about it at https://getcomposer.org/doc/01-basic-usage.md#composer-lock-the-lock-file",
        "This file is @generated automatically"
    ],
    "hash": "d9c271033850c41fffbc8dabf25ab2be",
    "content-hash": "ff651888abc41df81a13702662ab479f",
    "packages": [],
    "packages-dev": [
        {
            "name": "heroku/heroku-buildpack-php",
            "version": "v106",
            "source": {
                "type": "git",
                "url": "https://github.com/heroku/heroku-buildpack-php.git",
                "reference": "fd9fed742b2b815d2299487d83d28ebe9f9ddf61"
            },
            "dist": {
                "type": "zip",
                "url": "https://api.github.com/repos/heroku/heroku-buildpack-php/zipball/fd9fed742b2b815d2299487d83d28ebe9f9ddf61",
                "reference": "fd9fed742b2b815d2299487d83d28ebe9f9ddf61",
                "shasum": ""
            },
            "bin": [
                "bin/heroku-hhvm-apache2",
                "bin/heroku-hhvm-nginx",
                "bin/heroku-php-apache2",
                "bin/heroku-php-nginx"
            ],
            "type": "library",
            "notification-url": "https://packagist.org/downloads/",
            "license": [
                "MIT"
            ],
            "authors": [
                {
                    "name": "David Zuelke",
                    "email": "dz@heroku.com"
                }
            ],
            "description": "Toolkit for starting a PHP application locally, with or without foreman, using the same config for PHP/HHVM and Apache2/Nginx as on Heroku",
            "homepage": "https://github.com/heroku/heroku-buildpack-php",
            "keywords": [
                "apache",
                "apache2",
                "foreman",
                "heroku",
                "hhvm",
                "nginx",
                "php"
            ],
            "time": "2016-06-08 15:35:38"
        }
    ],
    "aliases": [],
    "minimum-stability": "stable",
    "stability-flags": [],
    "prefer-stable": false,
    "prefer-lowest": false,
    "platform": {
        "php": "^7.0.0"
    },
    "platform-dev": []
}
